// !$*UTF8*$!
{
	archiveVersion = 1;
	classes = {
	};
	objectVersion = 46;
	objects = {

/* Begin PBXBuildFile section */
		506F1A801B73B96200CF7E33 /* AppDelegate.swift in Sources */ = {isa = PBXBuildFile; fileRef = 506F1A7F1B73B96200CF7E33 /* AppDelegate.swift */; };
		506F1A821B73B96200CF7E33 /* ViewController.swift in Sources */ = {isa = PBXBuildFile; fileRef = 506F1A811B73B96200CF7E33 /* ViewController.swift */; };
		506F1A851B73B96200CF7E33 /* Main.storyboard in Resources */ = {isa = PBXBuildFile; fileRef = 506F1A831B73B96200CF7E33 /* Main.storyboard */; };
		506F1A871B73B96200CF7E33 /* Images.xcassets in Resources */ = {isa = PBXBuildFile; fileRef = 506F1A861B73B96200CF7E33 /* Images.xcassets */; };
		506F1A8A1B73B96200CF7E33 /* LaunchScreen.xib in Resources */ = {isa = PBXBuildFile; fileRef = 506F1A881B73B96200CF7E33 /* LaunchScreen.xib */; };
		506F1A961B73B96200CF7E33 /* GitTestyTests.swift in Sources */ = {isa = PBXBuildFile; fileRef = 506F1A951B73B96200CF7E33 /* GitTestyTests.swift */; };
/* End PBXBuildFile section */

/* Begin PBXContainerItemProxy section */
		506F1A901B73B96200CF7E33 /* PBXContainerItemProxy */ = {
			isa = PBXContainerItemProxy;
			containerPortal = 506F1A721B73B96200CF7E33 /* Project object */;
			proxyType = 1;
			remoteGlobalIDString = 506F1A791B73B96200CF7E33;
			remoteInfo = GitTesty;
		};
/* End PBXContainerItemProxy section */

/* Begin PBXFileReference section */
		506F1A7A1B73B96200CF7E33 /* GitTesty.app */ = {isa = PBXFileReference; explicitFileType = wrapper.application; includeInIndex = 0; path = GitTesty.app; sourceTree = BUILT_PRODUCTS_DIR; };
		506F1A7E1B73B96200CF7E33 /* Info.plist */ = {isa = PBXFileReference; lastKnownFileType = text.plist.xml; path = Info.plist; sourceTree = "<group>"; };
		506F1A7F1B73B96200CF7E33 /* AppDelegate.swift */ = {isa = PBXFileReference; lastKnownFileType = sourcecode.swift; path = AppDelegate.swift; sourceTree = "<group>"; };
		506F1A811B73B96200CF7E33 /* ViewController.swift */ = {isa = PBXFileReference; lastKnownFileType = sourcecode.swift; path = ViewController.swift; sourceTree = "<group>"; };
		506F1A841B73B96200CF7E33 /* Base */ = {isa = PBXFileReference; lastKnownFileType = file.storyboard; name = Base; path = Base.lproj/Main.storyboard; sourceTree = "<group>"; };
		506F1A861B73B96200CF7E33 /* Images.xcassets */ = {isa = PBXFileReference; lastKnownFileType = folder.assetcatalog; path = Images.xcassets; sourceTree = "<group>"; };
		506F1A891B73B96200CF7E33 /* Base */ = {isa = PBXFileReference; lastKnownFileType = file.xib; name = Base; path = Base.lproj/LaunchScreen.xib; sourceTree = "<group>"; };
		506F1A8F1B73B96200CF7E33 /* GitTestyTests.xctest */ = {isa = PBXFileReference; explicitFileType = wrapper.cfbundle; includeInIndex = 0; path = GitTestyTests.xctest; sourceTree = BUILT_PRODUCTS_DIR; };
		506F1A941B73B96200CF7E33 /* Info.plist */ = {isa = PBXFileReference; lastKnownFileType = text.plist.xml; path = Info.plist; sourceTree = "<group>"; };
		506F1A951B73B96200CF7E33 /* GitTestyTests.swift */ = {isa = PBXFileReference; lastKnownFileType = sourcecode.swift; path = GitTestyTests.swift; sourceTree = "<group>"; };
/* End PBXFileReference section */

/* Begin PBXFrameworksBuildPhase section */
		506F1A771B73B96200CF7E33 /* Frameworks */ = {
			isa = PBXFrameworksBuildPhase;
			buildActionMask = 2147483647;
			files = (
			);
			runOnlyForDeploymentPostprocessing = 0;
		};
		506F1A8C1B73B96200CF7E33 /* Frameworks */ = {
			isa = PBXFrameworksBuildPhase;
			buildActionMask = 2147483647;
			files = (
			);
			runOnlyForDeploymentPostprocessing = 0;
		};
/* End PBXFrameworksBuildPhase section */

/* Begin PBXGroup section */
		506F1A711B73B96200CF7E33 = {
			isa = PBXGroup;
			children = (
				506F1A7C1B73B96200CF7E33 /* GitTesty */,
				506F1A921B73B96200CF7E33 /* GitTestyTests */,
				506F1A7B1B73B96200CF7E33 /* Products */,
			);
			sourceTree = "<group>";
		};
		506F1A7B1B73B96200CF7E33 /* Products */ = {
			isa = PBXGroup;
			children = (
				506F1A7A1B73B96200CF7E33 /* GitTesty.app */,
				506F1A8F1B73B96200CF7E33 /* GitTestyTests.xctest */,
			);
			name = Products;
			sourceTree = "<group>";
		};
		506F1A7C1B73B96200CF7E33 /* GitTesty */ = {
			isa = PBXGroup;
			children = (
				506F1A7F1B73B96200CF7E33 /* AppDelegate.swift */,
				506F1A811B73B96200CF7E33 /* ViewController.swift */,
				506F1A831B73B96200CF7E33 /* Main.storyboard */,
				506F1A861B73B96200CF7E33 /* Images.xcassets */,
				506F1A881B73B96200CF7E33 /* LaunchScreen.xib */,
				506F1A7D1B73B96200CF7E33 /* Supporting Files */,
			);
			path = GitTesty;
			sourceTree = "<group>";
		};
		506F1A7D1B73B96200CF7E33 /* Supporting Files */ = {
			isa = PBXGroup;
			children = (
				506F1A7E1B73B96200CF7E33 /* Info.plist */,
			);
			name = "Supporting Files";
			sourceTree = "<group>";
		};
		506F1A921B73B96200CF7E33 /* GitTestyTests */ = {
			isa = PBXGroup;
			children = (
				506F1A951B73B96200CF7E33 /* GitTestyTests.swift */,
				506F1A931B73B96200CF7E33 /* Supporting Files */,
			);
			path = GitTestyTests;
			sourceTree = "<group>";
		};
		506F1A931B73B96200CF7E33 /* Supporting Files */ = {
			isa = PBXGroup;
			children = (
				506F1A941B73B96200CF7E33 /* Info.plist */,
			);
			name = "Supporting Files";
			sourceTree = "<group>";
		};
/* End PBXGroup section */

/* Begin PBXNativeTarget section */
		506F1A791B73B96200CF7E33 /* GitTesty */ = {
			isa = PBXNativeTarget;
			buildConfigurationList = 506F1A991B73B96200CF7E33 /* Build configuration list for PBXNativeTarget "GitTesty" */;
			buildPhases = (
				506F1A761B73B96200CF7E33 /* Sources */,
				506F1A771B73B96200CF7E33 /* Frameworks */,
				506F1A781B73B96200CF7E33 /* Resources */,
			);
			buildRules = (
			);
			dependencies = (
			);
			name = GitTesty;
			productName = GitTesty;
			productReference = 506F1A7A1B73B96200CF7E33 /* GitTesty.app */;
			productType = "com.apple.product-type.application";
		};
		506F1A8E1B73B96200CF7E33 /* GitTestyTests */ = {
			isa = PBXNativeTarget;
			buildConfigurationList = 506F1A9C1B73B96200CF7E33 /* Build configuration list for PBXNativeTarget "GitTestyTests" */;
			buildPhases = (
				506F1A8B1B73B96200CF7E33 /* Sources */,
				506F1A8C1B73B96200CF7E33 /* Frameworks */,
				506F1A8D1B73B96200CF7E33 /* Resources */,
			);
			buildRules = (
			);
			dependencies = (
				506F1A911B73B96200CF7E33 /* PBXTargetDependency */,
			);
			name = GitTestyTests;
			productName = GitTestyTests;
			productReference = 506F1A8F1B73B96200CF7E33 /* GitTestyTests.xctest */;
			productType = "com.apple.product-type.bundle.unit-test";
		};
/* End PBXNativeTarget section */

/* Begin PBXProject section */
		506F1A721B73B96200CF7E33 /* Project object */ = {
			isa = PBXProject;
			attributes = {
				LastUpgradeCheck = 0640;
				ORGANIZATIONNAME = "Git Testy";
				TargetAttributes = {
					506F1A791B73B96200CF7E33 = {
						CreatedOnToolsVersion = 6.4;
					};
					506F1A8E1B73B96200CF7E33 = {
						CreatedOnToolsVersion = 6.4;
						TestTargetID = 506F1A791B73B96200CF7E33;
					};
				};
			};
			buildConfigurationList = 506F1A751B73B96200CF7E33 /* Build configuration list for PBXProject "GitTesty" */;
			compatibilityVersion = "Xcode 3.2";
			developmentRegion = English;
			hasScannedForEncodings = 0;
			knownRegions = (
				en,
				Base,
			);
			mainGroup = 506F1A711B73B96200CF7E33;
			productRefGroup = 506F1A7B1B73B96200CF7E33 /* Products */;
			projectDirPath = "";
			projectRoot = "";
			targets = (
				506F1A791B73B96200CF7E33 /* GitTesty */,
				506F1A8E1B73B96200CF7E33 /* GitTestyTests */,
			);
		};
/* End PBXProject section */

/* Begin PBXResourcesBuildPhase section */
		506F1A781B73B96200CF7E33 /* Resources */ = {
			isa = PBXResourcesBuildPhase;
			buildActionMask = 2147483647;
			files = (
				506F1A851B73B96200CF7E33 /* Main.storyboard in Resources */,
				506F1A8A1B73B96200CF7E33 /* LaunchScreen.xib in Resources */,
				506F1A871B73B96200CF7E33 /* Images.xcassets in Resources */,
			);
			runOnlyForDeploymentPostprocessing = 0;
		};
		506F1A8D1B73B96200CF7E33 /* Resources */ = {
			isa = PBXResourcesBuildPhase;
			buildActionMask = 2147483647;
			files = (
			);
			runOnlyForDeploymentPostprocessing = 0;
		};
/* End PBXResourcesBuildPhase section */

/* Begin PBXSourcesBuildPhase section */
		506F1A761B73B96200CF7E33 /* Sources */ = {
			isa = PBXSourcesBuildPhase;
			buildActionMask = 2147483647;
			files = (
				506F1A821B73B96200CF7E33 /* ViewController.swift in Sources */,
				506F1A801B73B96200CF7E33 /* AppDelegate.swift in Sources */,
			);
			runOnlyForDeploymentPostprocessing = 0;
		};
		506F1A8B1B73B96200CF7E33 /* Sources */ = {
			isa = PBXSourcesBuildPhase;
			buildActionMask = 2147483647;
			files = (
				506F1A961B73B96200CF7E33 /* GitTestyTests.swift in Sources */,
			);
			runOnlyForDeploymentPostprocessing = 0;
		};
/* End PBXSourcesBuildPhase section */

/* Begin PBXTargetDependency section */
		506F1A911B73B96200CF7E33 /* PBXTargetDependency */ = {
			isa = PBXTargetDependency;
			target = 506F1A791B73B96200CF7E33 /* GitTesty */;
			targetProxy = 506F1A901B73B96200CF7E33 /* PBXContainerItemProxy */;
		};
/* End PBXTargetDependency section */

/* Begin PBXVariantGroup section */
		506F1A831B73B96200CF7E33 /* Main.storyboard */ = {
			isa = PBXVariantGroup;
			children = (
				506F1A841B73B96200CF7E33 /* Base */,
			);
			name = Main.storyboard;
			sourceTree = "<group>";
		};
		506F1A881B73B96200CF7E33 /* LaunchScreen.xib */ = {
			isa = PBXVariantGroup;
			children = (
				506F1A891B73B96200CF7E33 /* Base */,
			);
			name = LaunchScreen.xib;
			sourceTree = "<group>";
		};
/* End PBXVariantGroup section */

/* Begin XCBuildConfiguration section */
		506F1A971B73B96200CF7E33 /* Debug */ = {
			isa = XCBuildConfiguration;
			buildSettings = {
				ALWAYS_SEARCH_USER_PATHS = NO;
				CLANG_CXX_LANGUAGE_STANDARD = "gnu++0x";
				CLANG_CXX_LIBRARY = "libc++";
				CLANG_ENABLE_MODULES = YES;
				CLANG_ENABLE_OBJC_ARC = YES;
				CLANG_WARN_BOOL_CONVERSION = YES;
				CLANG_WARN_CONSTANT_CONVERSION = YES;
				CLANG_WARN_DIRECT_OBJC_ISA_USAGE = YES_ERROR;
				CLANG_WARN_EMPTY_BODY = YES;
				CLANG_WARN_ENUM_CONVERSION = YES;
				CLANG_WARN_INT_CONVERSION = YES;
				CLANG_WARN_OBJC_ROOT_CLASS = YES_ERROR;
				CLANG_WARN_UNREACHABLE_CODE = YES;
				CLANG_WARN__DUPLICATE_METHOD_MATCH = YES;
				"CODE_SIGN_IDENTITY[sdk=iphoneos*]" = "iPhone Developer";
				COPY_PHASE_STRIP = NO;
				DEBUG_INFORMATION_FORMAT = "dwarf-with-dsym";
				ENABLE_STRICT_OBJC_MSGSEND = YES;
				GCC_C_LANGUAGE_STANDARD = gnu99;
				GCC_DYNAMIC_NO_PIC = NO;
				GCC_NO_COMMON_BLOCKS = YES;
				GCC_OPTIMIZATION_LEVEL = 0;
				GCC_PREPROCESSOR_DEFINITIONS = (
					"DEBUG=1",
					"$(inherited)",
				);
				GCC_SYMBOLS_PRIVATE_EXTERN = NO;
				GCC_WARN_64_TO_32_BIT_CONVERSION = YES;
				GCC_WARN_ABOUT_RETURN_TYPE = YES_ERROR;
				GCC_WARN_UNDECLARED_SELECTOR = YES;
				GCC_WARN_UNINITIALIZED_AUTOS = YES_AGGRESSIVE;
				GCC_WARN_UNUSED_FUNCTION = YES;
				GCC_WARN_UNUSED_VARIABLE = YES;
				IPHONEOS_DEPLOYMENT_TARGET = 8.4;
				MTL_ENABLE_DEBUG_INFO = YES;
				ONLY_ACTIVE_ARCH = YES;
				SDKROOT = iphoneos;
				SWIFT_OPTIMIZATION_LEVEL = "-Onone";
			};
			name = Debug;
		};
		506F1A981B73B96200CF7E33 /* Release */ = {
			isa = XCBuildConfiguration;
			buildSettings = {
				ALWAYS_SEARCH_USER_PATHS = NO;
				CLANG_CXX_LANGUAGE_STANDARD = "gnu++0x";
				CLANG_CXX_LIBRARY = "libc++";
				CLANG_ENABLE_MODULES = YES;
				CLANG_ENABLE_OBJC_ARC = YES;
				CLANG_WARN_BOOL_CONVERSION = YES;
				CLANG_WARN_CONSTANT_CONVERSION = YES;
				CLANG_WARN_DIRECT_OBJC_ISA_USAGE = YES_ERROR;
				CLANG_WARN_EMPTY_BODY = YES;
				CLANG_WARN_ENUM_CONVERSION = YES;
				CLANG_WARN_INT_CONVERSION = YES;
				CLANG_WARN_OBJC_ROOT_CLASS = YES_ERROR;
				CLANG_WARN_UNREACHABLE_CODE = YES;
				CLANG_WARN__DUPLICATE_METHOD_MATCH = YES;
				"CODE_SIGN_IDENTITY[sdk=iphoneos*]" = "iPhone Developer";
				COPY_PHASE_STRIP = NO;
				DEBUG_INFORMATION_FORMAT = "dwarf-with-dsym";
				ENABLE_NS_ASSERTIONS = NO;
				ENABLE_STRICT_OBJC_MSGSEND = YES;
				GCC_C_LANGUAGE_STANDARD = gnu99;
				GCC_NO_COMMON_BLOCKS = YES;
				GCC_WARN_64_TO_32_BIT_CONVERSION = YES;
				GCC_WARN_ABOUT_RETURN_TYPE = YES_ERROR;
				GCC_WARN_UNDECLARED_SELECTOR = YES;
				GCC_WARN_UNINITIALIZED_AUTOS = YES_AGGRESSIVE;
				GCC_WARN_UNUSED_FUNCTION = YES;
				GCC_WARN_UNUSED_VARIABLE = YES;
				IPHONEOS_DEPLOYMENT_TARGET = 8.4;
				MTL_ENABLE_DEBUG_INFO = NO;
				SDKROOT = iphoneos;
				VALIDATE_PRODUCT = YES;
			};
			name = Release;
		};
		506F1A9A1B73B96200CF7E33 /* Debug */ = {
			isa = XCBuildConfiguration;
			buildSettings = {
				ASSETCATALOG_COMPILER_APPICON_NAME = AppIcon;
				INFOPLIST_FILE = GitTesty/Info.plist;
				LD_RUNPATH_SEARCH_PATHS = "$(inherited) @executable_path/Frameworks";
				PRODUCT_NAME = "$(TARGET_NAME)";
			};
			name = Debug;
		};
		506F1A9B1B73B96200CF7E33 /* Release */ = {
			isa = XCBuildConfiguration;
			buildSettings = {
				ASSETCATALOG_COMPILER_APPICON_NAME = AppIcon;
				INFOPLIST_FILE = GitTesty/Info.plist;
				LD_RUNPATH_SEARCH_PATHS = "$(inherited) @executable_path/Frameworks";
				PRODUCT_NAME = "$(TARGET_NAME)";
			};
			name = Release;
		};
		506F1A9D1B73B96200CF7E33 /* Debug */ = {
			isa = XCBuildConfiguration;
			buildSettings = {
				BUNDLE_LOADER = "$(TEST_HOST)";
				FRAMEWORK_SEARCH_PATHS = (
					"$(SDKROOT)/Developer/Library/Frameworks",
					"$(inherited)",
				);
				GCC_PREPROCESSOR_DEFINITIONS = (
					"DEBUG=1",
					"$(inherited)",
				);
				INFOPLIST_FILE = GitTestyTests/Info.plist;
				LD_RUNPATH_SEARCH_PATHS = "$(inherited) @executable_path/Frameworks @loader_path/Frameworks";
				PRODUCT_NAME = "$(TARGET_NAME)";
				TEST_HOST = "$(BUILT_PRODUCTS_DIR)/GitTesty.app/GitTesty";
			};
			name = Debug;
		};
		506F1A9E1B73B96200CF7E33 /* Release */ = {
			isa = XCBuildConfiguration;
			buildSettings = {
				BUNDLE_LOADER = "$(TEST_HOST)";
				FRAMEWORK_SEARCH_PATHS = (
					"$(SDKROOT)/Developer/Library/Frameworks",
					"$(inherited)",
				);
				INFOPLIST_FILE = GitTestyTests/Info.plist;
				LD_RUNPATH_SEARCH_PATHS = "$(inherited) @executable_path/Frameworks @loader_path/Frameworks";
				PRODUCT_NAME = "$(TARGET_NAME)";
				TEST_HOST = "$(BUILT_PRODUCTS_DIR)/GitTesty.app/GitTesty";
			};
			name = Release;
		};
/* End XCBuildConfiguration section */

/* Begin XCConfigurationList section */
		506F1A751B73B96200CF7E33 /* Build configuration list for PBXProject "GitTesty" */ = {
			isa = XCConfigurationList;
			buildConfigurations = (
				506F1A971B73B96200CF7E33 /* Debug */,
				506F1A981B73B96200CF7E33 /* Release */,
			);
			defaultConfigurationIsVisible = 0;
			defaultConfigurationName = Release;
		};
		506F1A991B73B96200CF7E33 /* Build configuration list for PBXNativeTarget "GitTesty" */ = {
			isa = XCConfigurationList;
			buildConfigurations = (
				506F1A9A1B73B96200CF7E33 /* Debug */,
				506F1A9B1B73B96200CF7E33 /* Release */,
			);
			defaultConfigurationIsVisible = 0;
		};
		506F1A9C1B73B96200CF7E33 /* Build configuration list for PBXNativeTarget "GitTestyTests" */ = {
			isa = XCConfigurationList;
			buildConfigurations = (
				506F1A9D1B73B96200CF7E33 /* Debug */,
				506F1A9E1B73B96200CF7E33 /* Release */,
			);
			defaultConfigurationIsVisible = 0;
		};
/* End XCConfigurationList section */
	};
	rootObject = 506F1A721B73B96200CF7E33 /* Project object */;
}
